hash: a35f864ea1054163974a5fd0da413a5d62c1f93b9c9dee2c4ca35ec58faa2e52
updated: 2016-05-20T14:27:06.362237734-04:00
imports:
- name: github.com/ernesto-jimenez/httplogger
  version: 86cc44f6150a7e9dca8586e425a9c73e71f8ae7d
- name: github.com/op/go-logging
  version: 970db520ece77730c7e4724c61121037378659d9
- name: github.com/pkg/errors
  version: f85d45fecf0c92c382e731cb03f481957e2ccdd1
- name: github.com/rs/cors
  version: 3ca2b550f6a4333b63c845850f760a7d00412cd6
- name: github.com/rs/xhandler
  version: d9d9599b6aaf6a058cb7b1f48291ded2cbd13390
- name: github.com/rs/xmux
  version: 6ccb3cea9dd7dc8a3d66aac4074de6fc89d42adb
- name: github.com/stretchr/testify
  version: 6cb3b85ef5a0efef77caef88363ec4d4b5c0976d
  subpackages:
  - assert
- name: github.com/t11e/go-centralclient
  version: 97240b01ce4cae397e00142139c66705fbdda7db
- name: github.com/t11e/go-groveclient
  version: 1df1d60a7803a375e3c8de146338c18865bd7c9b
- name: github.com/t11e/go-pebbleclient
  version: c2ebe0efdd59c1f97be0a88888b55dbba6d71352
- name: golang.org/x/net
  version: 8a52c78636f6b7be1b1e5cb58b01a85f1e082659
  subpackages:
  - context
  - context/ctxhttp
devImports: []
